
Microsoft Visual Studio Solution File, Format Version 12.00
# Visual Studio Version 17
VisualStudioVersion = 17.4.33213.308
MinimumVisualStudioVersion = 10.0.40219.1
Project("{9A19103F-16F7-4668-BE54-9A1E7A4F7556}") = "APBD-01", "APBD-01\APBD-01.csproj", "{9DAACC21-4AAD-41AC-B0DF-F8FBBD34AB39}"
EndProject
Project("{9A19103F-16F7-4668-BE54-9A1E7A4F7556}") = "APBD-02", "APBD-02\APBD-02.csproj", "{D2DAD49E-9A0D-4A81-9CA7-C716B5FF128B}"
EndProject
Project("{9A19103F-16F7-4668-BE54-9A1E7A4F7556}") = "APBD-03", "APBD-03\APBD-03.csproj", "{52CB77E6-519B-44FC-A624-D5BA3D86AB50}"
EndProject
Project("{9A19103F-16F7-4668-BE54-9A1E7A4F7556}") = "APBD-04", "APBD-04\APBD-04.csproj", "{C6F16800-2078-4AED-886F-53A7DE1AD494}"
EndProject
Project("{9A19103F-16F7-4668-BE54-9A1E7A4F7556}") = "APBD-05", "APBD-05\APBD-05.csproj", "{72F43AEE-C72E-4A5F-B069-25406B4FB54F}"
EndProject
Project("{FAE04EC0-301F-11D3-BF4B-00C04F79EFBC}") = "APBD-06", "APBD-06\APBD-06.csproj", "{57F4161E-D2D5-4A7D-8DB1-20CA23237EFF}"
EndProject
Global
	GlobalSection(SolutionConfigurationPlatforms) = preSolution
		Debug|Any CPU = Debug|Any CPU
		Release|Any CPU = Release|Any CPU
	EndGlobalSection
	GlobalSection(ProjectConfigurationPlatforms) = postSolution
		{9DAACC21-4AAD-41AC-B0DF-F8FBBD34AB39}.Debug|Any CPU.ActiveCfg = Debug|Any CPU
		{9DAACC21-4AAD-41AC-B0DF-F8FBBD34AB39}.Debug|Any CPU.Build.0 = Debug|Any CPU
		{9DAACC21-4AAD-41AC-B0DF-F8FBBD34AB39}.Release|Any CPU.ActiveCfg = Release|Any CPU
		{9DAACC21-4AAD-41AC-B0DF-F8FBBD34AB39}.Release|Any CPU.Build.0 = Release|Any CPU
		{D2DAD49E-9A0D-4A81-9CA7-C716B5FF128B}.Debug|Any CPU.ActiveCfg = Debug|Any CPU
		{D2DAD49E-9A0D-4A81-9CA7-C716B5FF128B}.Debug|Any CPU.Build.0 = Debug|Any CPU
		{D2DAD49E-9A0D-4A81-9CA7-C716B5FF128B}.Release|Any CPU.ActiveCfg = Release|Any CPU
		{D2DAD49E-9A0D-4A81-9CA7-C716B5FF128B}.Release|Any CPU.Build.0 = Release|Any CPU
		{52CB77E6-519B-44FC-A624-D5BA3D86AB50}.Debug|Any CPU.ActiveCfg = Debug|Any CPU
		{52CB77E6-519B-44FC-A624-D5BA3D86AB50}.Debug|Any CPU.Build.0 = Debug|Any CPU
		{52CB77E6-519B-44FC-A624-D5BA3D86AB50}.Release|Any CPU.ActiveCfg = Release|Any CPU
		{52CB77E6-519B-44FC-A624-D5BA3D86AB50}.Release|Any CPU.Build.0 = Release|Any CPU
		{C6F16800-2078-4AED-886F-53A7DE1AD494}.Debug|Any CPU.ActiveCfg = Debug|Any CPU
		{C6F16800-2078-4AED-886F-53A7DE1AD494}.Debug|Any CPU.Build.0 = Debug|Any CPU
		{C6F16800-2078-4AED-886F-53A7DE1AD494}.Release|Any CPU.ActiveCfg = Release|Any CPU
		{C6F16800-2078-4AED-886F-53A7DE1AD494}.Release|Any CPU.Build.0 = Release|Any CPU
		{72F43AEE-C72E-4A5F-B069-25406B4FB54F}.Debug|Any CPU.ActiveCfg = Debug|Any CPU
		{72F43AEE-C72E-4A5F-B069-25406B4FB54F}.Debug|Any CPU.Build.0 = Debug|Any CPU
		{72F43AEE-C72E-4A5F-B069-25406B4FB54F}.Release|Any CPU.ActiveCfg = Release|Any CPU
		{72F43AEE-C72E-4A5F-B069-25406B4FB54F}.Release|Any CPU.Build.0 = Release|Any CPU
		{57F4161E-D2D5-4A7D-8DB1-20CA23237EFF}.Debug|Any CPU.ActiveCfg = Debug|Any CPU
		{57F4161E-D2D5-4A7D-8DB1-20CA23237EFF}.Debug|Any CPU.Build.0 = Debug|Any CPU
		{57F4161E-D2D5-4A7D-8DB1-20CA23237EFF}.Release|Any CPU.ActiveCfg = Release|Any CPU
		{57F4161E-D2D5-4A7D-8DB1-20CA23237EFF}.Release|Any CPU.Build.0 = Release|Any CPU
	EndGlobalSection
	GlobalSection(SolutionProperties) = preSolution
		HideSolutionNode = FALSE
	EndGlobalSection
	GlobalSection(ExtensibilityGlobals) = postSolution
		SolutionGuid = {63105275-4F1C-43A4-A007-2B547F26A956}
	EndGlobalSection
EndGlobal
